
Microsoft Visual Studio Solution File, Format Version 12.00
# Visual Studio Version 17
VisualStudioVersion = 17.4.33213.308
MinimumVisualStudioVersion = 10.0.40219.1
Project("{9A19103F-16F7-4668-BE54-9A1E7A4F7556}") = "DesignPatterns.SOLID", "DesignPatterns\DesignPatterns.SOLID.csproj", "{E1F78489-B448-474C-8CB5-83577FA9404F}"
EndProject
Project("{9A19103F-16F7-4668-BE54-9A1E7A4F7556}") = "DesignPatterns.Builder", "DesignPatterns.Builder\DesignPatterns.Builder.csproj", "{F9E5C84A-AA4C-46D1-946E-3EE596E855B3}"
EndProject
Project("{9A19103F-16F7-4668-BE54-9A1E7A4F7556}") = "DesignPatterns.Factories", "DesignPatterns.Factories\DesignPatterns.Factories.csproj", "{E900A654-6DE6-4BD4-B1AE-137049C5D7C5}"
EndProject
Project("{9A19103F-16F7-4668-BE54-9A1E7A4F7556}") = "DesignPatterns.Prototype", "DesignPatterns.Prototype\DesignPatterns.Prototype.csproj", "{4093129C-417B-4C9E-B44A-7F4CC323FE9F}"
EndProject
Project("{9A19103F-16F7-4668-BE54-9A1E7A4F7556}") = "DesignPatterns.Singleton", "DesignPatterns.Singleton\DesignPatterns.Singleton.csproj", "{3EA47EBA-32A0-49D6-BF09-A8BD15909603}"
EndProject
Project("{9A19103F-16F7-4668-BE54-9A1E7A4F7556}") = "DesignPatterns.Adapter", "DesignPatterns.Adapter\DesignPatterns.Adapter.csproj", "{56A13F2B-8D0B-45C9-A4A6-9DFDD792906D}"
EndProject
Project("{9A19103F-16F7-4668-BE54-9A1E7A4F7556}") = "DesignPatterns.Facade", "DesignPatterns.Facade\DesignPatterns.Facade.csproj", "{DB538DF2-2780-4E20-9A83-180F9FAF5862}"
EndProject
Project("{9A19103F-16F7-4668-BE54-9A1E7A4F7556}") = "DesignPatterns.Bridge", "DesignPatterns.Bridge\DesignPatterns.Bridge.csproj", "{29772019-9620-40CE-BD67-5B0BAE678773}"
EndProject
Project("{9A19103F-16F7-4668-BE54-9A1E7A4F7556}") = "DesignPatterns.Composite", "DesignPatterns.Composite\DesignPatterns.Composite.csproj", "{160EA019-4811-4C8B-88FA-59CF15DDAD6B}"
EndProject
Project("{9A19103F-16F7-4668-BE54-9A1E7A4F7556}") = "DesignPatterns.Decorator", "DesignPatterns.Decorator\DesignPatterns.Decorator.csproj", "{B9A74ADA-2C37-47C6-AFBC-A11E9DA59D29}"
EndProject
Project("{9A19103F-16F7-4668-BE54-9A1E7A4F7556}") = "DesignPatterns.Flyweight", "DesignPatterns.Flyweight\DesignPatterns.Flyweight.csproj", "{0CA98AE8-D19F-4FEE-B57A-8A3365BD5B7C}"
EndProject
Project("{9A19103F-16F7-4668-BE54-9A1E7A4F7556}") = "DesignPatterns.Proxy", "DesignPatterns.Proxy\DesignPatterns.Proxy.csproj", "{D7F6C63C-0590-4DE5-8AD2-B0BEF6C7B092}"
EndProject
Project("{9A19103F-16F7-4668-BE54-9A1E7A4F7556}") = "DesignPatterns.ChainOfResponsibility", "DesignPatterns.ChainOfResponsibility\DesignPatterns.ChainOfResponsibility.csproj", "{94E74685-DCE9-4727-B34A-E86421937EBA}"
EndProject
Project("{FAE04EC0-301F-11D3-BF4B-00C04F79EFBC}") = "DesignPatterns.Command", "DesignPatterns.Command\DesignPatterns.Command.csproj", "{64480695-06BC-4884-9B87-A76161864036}"
EndProject
Global
	GlobalSection(SolutionConfigurationPlatforms) = preSolution
		Debug|Any CPU = Debug|Any CPU
		Release|Any CPU = Release|Any CPU
	EndGlobalSection
	GlobalSection(ProjectConfigurationPlatforms) = postSolution
		{E1F78489-B448-474C-8CB5-83577FA9404F}.Debug|Any CPU.ActiveCfg = Debug|Any CPU
		{E1F78489-B448-474C-8CB5-83577FA9404F}.Debug|Any CPU.Build.0 = Debug|Any CPU
		{E1F78489-B448-474C-8CB5-83577FA9404F}.Release|Any CPU.ActiveCfg = Release|Any CPU
		{E1F78489-B448-474C-8CB5-83577FA9404F}.Release|Any CPU.Build.0 = Release|Any CPU
		{F9E5C84A-AA4C-46D1-946E-3EE596E855B3}.Debug|Any CPU.ActiveCfg = Debug|Any CPU
		{F9E5C84A-AA4C-46D1-946E-3EE596E855B3}.Debug|Any CPU.Build.0 = Debug|Any CPU
		{F9E5C84A-AA4C-46D1-946E-3EE596E855B3}.Release|Any CPU.ActiveCfg = Release|Any CPU
		{F9E5C84A-AA4C-46D1-946E-3EE596E855B3}.Release|Any CPU.Build.0 = Release|Any CPU
		{E900A654-6DE6-4BD4-B1AE-137049C5D7C5}.Debug|Any CPU.ActiveCfg = Debug|Any CPU
		{E900A654-6DE6-4BD4-B1AE-137049C5D7C5}.Debug|Any CPU.Build.0 = Debug|Any CPU
		{E900A654-6DE6-4BD4-B1AE-137049C5D7C5}.Release|Any CPU.ActiveCfg = Release|Any CPU
		{E900A654-6DE6-4BD4-B1AE-137049C5D7C5}.Release|Any CPU.Build.0 = Release|Any CPU
		{4093129C-417B-4C9E-B44A-7F4CC323FE9F}.Debug|Any CPU.ActiveCfg = Debug|Any CPU
		{4093129C-417B-4C9E-B44A-7F4CC323FE9F}.Debug|Any CPU.Build.0 = Debug|Any CPU
		{4093129C-417B-4C9E-B44A-7F4CC323FE9F}.Release|Any CPU.ActiveCfg = Release|Any CPU
		{4093129C-417B-4C9E-B44A-7F4CC323FE9F}.Release|Any CPU.Build.0 = Release|Any CPU
		{3EA47EBA-32A0-49D6-BF09-A8BD15909603}.Debug|Any CPU.ActiveCfg = Debug|Any CPU
		{3EA47EBA-32A0-49D6-BF09-A8BD15909603}.Debug|Any CPU.Build.0 = Debug|Any CPU
		{3EA47EBA-32A0-49D6-BF09-A8BD15909603}.Release|Any CPU.ActiveCfg = Release|Any CPU
		{3EA47EBA-32A0-49D6-BF09-A8BD15909603}.Release|Any CPU.Build.0 = Release|Any CPU
		{56A13F2B-8D0B-45C9-A4A6-9DFDD792906D}.Debug|Any CPU.ActiveCfg = Debug|Any CPU
		{56A13F2B-8D0B-45C9-A4A6-9DFDD792906D}.Debug|Any CPU.Build.0 = Debug|Any CPU
		{56A13F2B-8D0B-45C9-A4A6-9DFDD792906D}.Release|Any CPU.ActiveCfg = Release|Any CPU
		{56A13F2B-8D0B-45C9-A4A6-9DFDD792906D}.Release|Any CPU.Build.0 = Release|Any CPU
		{DB538DF2-2780-4E20-9A83-180F9FAF5862}.Debug|Any CPU.ActiveCfg = Debug|Any CPU
		{DB538DF2-2780-4E20-9A83-180F9FAF5862}.Debug|Any CPU.Build.0 = Debug|Any CPU
		{DB538DF2-2780-4E20-9A83-180F9FAF5862}.Release|Any CPU.ActiveCfg = Release|Any CPU
		{DB538DF2-2780-4E20-9A83-180F9FAF5862}.Release|Any CPU.Build.0 = Release|Any CPU
		{29772019-9620-40CE-BD67-5B0BAE678773}.Debug|Any CPU.ActiveCfg = Debug|Any CPU
		{29772019-9620-40CE-BD67-5B0BAE678773}.Debug|Any CPU.Build.0 = Debug|Any CPU
		{29772019-9620-40CE-BD67-5B0BAE678773}.Release|Any CPU.ActiveCfg = Release|Any CPU
		{29772019-9620-40CE-BD67-5B0BAE678773}.Release|Any CPU.Build.0 = Release|Any CPU
		{160EA019-4811-4C8B-88FA-59CF15DDAD6B}.Debug|Any CPU.ActiveCfg = Debug|Any CPU
		{160EA019-4811-4C8B-88FA-59CF15DDAD6B}.Debug|Any CPU.Build.0 = Debug|Any CPU
		{160EA019-4811-4C8B-88FA-59CF15DDAD6B}.Release|Any CPU.ActiveCfg = Release|Any CPU
		{160EA019-4811-4C8B-88FA-59CF15DDAD6B}.Release|Any CPU.Build.0 = Release|Any CPU
		{B9A74ADA-2C37-47C6-AFBC-A11E9DA59D29}.Debug|Any CPU.ActiveCfg = Debug|Any CPU
		{B9A74ADA-2C37-47C6-AFBC-A11E9DA59D29}.Debug|Any CPU.Build.0 = Debug|Any CPU
		{B9A74ADA-2C37-47C6-AFBC-A11E9DA59D29}.Release|Any CPU.ActiveCfg = Release|Any CPU
		{B9A74ADA-2C37-47C6-AFBC-A11E9DA59D29}.Release|Any CPU.Build.0 = Release|Any CPU
		{0CA98AE8-D19F-4FEE-B57A-8A3365BD5B7C}.Debug|Any CPU.ActiveCfg = Debug|Any CPU
		{0CA98AE8-D19F-4FEE-B57A-8A3365BD5B7C}.Debug|Any CPU.Build.0 = Debug|Any CPU
		{0CA98AE8-D19F-4FEE-B57A-8A3365BD5B7C}.Release|Any CPU.ActiveCfg = Release|Any CPU
		{0CA98AE8-D19F-4FEE-B57A-8A3365BD5B7C}.Release|Any CPU.Build.0 = Release|Any CPU
		{D7F6C63C-0590-4DE5-8AD2-B0BEF6C7B092}.Debug|Any CPU.ActiveCfg = Debug|Any CPU
		{D7F6C63C-0590-4DE5-8AD2-B0BEF6C7B092}.Debug|Any CPU.Build.0 = Debug|Any CPU
		{D7F6C63C-0590-4DE5-8AD2-B0BEF6C7B092}.Release|Any CPU.ActiveCfg = Release|Any CPU
		{D7F6C63C-0590-4DE5-8AD2-B0BEF6C7B092}.Release|Any CPU.Build.0 = Release|Any CPU
		{94E74685-DCE9-4727-B34A-E86421937EBA}.Debug|Any CPU.ActiveCfg = Debug|Any CPU
		{94E74685-DCE9-4727-B34A-E86421937EBA}.Debug|Any CPU.Build.0 = Debug|Any CPU
		{94E74685-DCE9-4727-B34A-E86421937EBA}.Release|Any CPU.ActiveCfg = Release|Any CPU
		{94E74685-DCE9-4727-B34A-E86421937EBA}.Release|Any CPU.Build.0 = Release|Any CPU
		{64480695-06BC-4884-9B87-A76161864036}.Debug|Any CPU.ActiveCfg = Debug|Any CPU
		{64480695-06BC-4884-9B87-A76161864036}.Debug|Any CPU.Build.0 = Debug|Any CPU
		{64480695-06BC-4884-9B87-A76161864036}.Release|Any CPU.ActiveCfg = Release|Any CPU
		{64480695-06BC-4884-9B87-A76161864036}.Release|Any CPU.Build.0 = Release|Any CPU
	EndGlobalSection
	GlobalSection(SolutionProperties) = preSolution
		HideSolutionNode = FALSE
	EndGlobalSection
	GlobalSection(ExtensibilityGlobals) = postSolution
		SolutionGuid = {30A9F528-38CB-4965-B755-D7BAD4126F89}
	EndGlobalSection
EndGlobal
